
Microsoft Visual Studio Solution File, Format Version 12.00
# Visual Studio 14
VisualStudioVersion = 14.0.25420.1
MinimumVisualStudioVersion = 10.0.40219.1
Project("{2150E333-8FDC-42A3-9474-1A3956D46DE8}") = "src", "src", "{778F4785-C96E-4967-B4FC-953E77167A7E}"
EndProject
Project("{2150E333-8FDC-42A3-9474-1A3956D46DE8}") = "Solution Items", "Solution Items", "{83A747B9-8370-4FB1-902A-C3031D6E4CB0}"
	ProjectSection(SolutionItems) = preProject
		global.json = global.json
	EndProjectSection
EndProject
Project("{8BB2217D-0F2D-49D1-97BC-3654ED321F3B}") = "GummiBearKingdom", "src\GummiBearKingdom\GummiBearKingdom.xproj", "{A3ECB60D-7676-458F-BE01-4FDF096254FF}"
EndProject
Global
	GlobalSection(SolutionConfigurationPlatforms) = preSolution
		Debug|Any CPU = Debug|Any CPU
		Release|Any CPU = Release|Any CPU
	EndGlobalSection
	GlobalSection(ProjectConfigurationPlatforms) = postSolution
		{A3ECB60D-7676-458F-BE01-4FDF096254FF}.Debug|Any CPU.ActiveCfg = Debug|Any CPU
		{A3ECB60D-7676-458F-BE01-4FDF096254FF}.Debug|Any CPU.Build.0 = Debug|Any CPU
		{A3ECB60D-7676-458F-BE01-4FDF096254FF}.Release|Any CPU.ActiveCfg = Release|Any CPU
		{A3ECB60D-7676-458F-BE01-4FDF096254FF}.Release|Any CPU.Build.0 = Release|Any CPU
	EndGlobalSection
	GlobalSection(SolutionProperties) = preSolution
		HideSolutionNode = FALSE
	EndGlobalSection
	GlobalSection(NestedProjects) = preSolution
		{A3ECB60D-7676-458F-BE01-4FDF096254FF} = {778F4785-C96E-4967-B4FC-953E77167A7E}
	EndGlobalSection
EndGlobal
